
Microsoft Visual Studio Solution File, Format Version 12.00
# Visual Studio Version 17
VisualStudioVersion = 17.7.34031.279
MinimumVisualStudioVersion = 10.0.40219.1
Project("{9A19103F-16F7-4668-BE54-9A1E7A4F7556}") = "NewShore.Domain", "src\Core\NewShore.Domain\NewShore.Domain.csproj", "{CB27BD00-D2D6-4E08-8D73-75F83BD12315}"
EndProject
Project("{9A19103F-16F7-4668-BE54-9A1E7A4F7556}") = "NewShore.Application", "src\Core\NewShore.Application\NewShore.Application.csproj", "{07AD8945-D6D5-4CAC-9DD6-449304C317AD}"
EndProject
Project("{2150E333-8FDC-42A3-9474-1A3956D46DE8}") = "Src", "Src", "{F769229D-231A-4FFA-A790-AF7ACF72F9A8}"
EndProject
Project("{2150E333-8FDC-42A3-9474-1A3956D46DE8}") = "Core", "Core", "{1C304772-2BFC-45FB-9384-D974CD96C571}"
EndProject
Project("{9A19103F-16F7-4668-BE54-9A1E7A4F7556}") = "NewShore.Infrastructure", "src\Infrastructure\NewShore.Infrastructure\NewShore.Infrastructure.csproj", "{2BA295B3-A610-435B-BED7-7CA450D1AF4B}"
EndProject
Project("{9A19103F-16F7-4668-BE54-9A1E7A4F7556}") = "NewShore.Persistence", "src\Infrastructure\NewShore.Persistence\NewShore.Persistence.csproj", "{18D10861-881D-4BF9-A6AB-9223CD6AE393}"
EndProject
Project("{2150E333-8FDC-42A3-9474-1A3956D46DE8}") = "Infrastructure", "Infrastructure", "{B5F43E3E-AFB3-4A15-B3A0-525909B7C8CD}"
EndProject
Project("{9A19103F-16F7-4668-BE54-9A1E7A4F7556}") = "NewShore.Common", "src\Common\NewShore.Common\NewShore.Common.csproj", "{233CA919-FCAA-45BD-AD58-850C51943AB0}"
EndProject
Project("{2150E333-8FDC-42A3-9474-1A3956D46DE8}") = "Common", "Common", "{480E56DC-BA28-469E-BBFC-28BFC591825E}"
EndProject
Project("{9A19103F-16F7-4668-BE54-9A1E7A4F7556}") = "NewShore.Api", "src\Presentation\NewShore.Api\NewShore.Api.csproj", "{7537B21F-7B3B-45D1-9A44-9181E6A38190}"
EndProject
Project("{2150E333-8FDC-42A3-9474-1A3956D46DE8}") = "Presentation", "Presentation", "{1FB02DC6-BF20-48B7-BFD5-960035DFF2A7}"
EndProject
Project("{9A19103F-16F7-4668-BE54-9A1E7A4F7556}") = "NewShore.Api.FunctionalTests", "tests\NewShore.Api.FunctionalTests\NewShore.Api.FunctionalTests.csproj", "{DE7B01BD-27B3-4897-8A84-E4708B556AEB}"
EndProject
Project("{9A19103F-16F7-4668-BE54-9A1E7A4F7556}") = "NewShore.Application.IntegrationTests", "tests\NewShore.Application.IntegrationTests\NewShore.Application.IntegrationTests.csproj", "{CC46877E-5D34-4A14-871F-B189D6AF8CD9}"
EndProject
Project("{9A19103F-16F7-4668-BE54-9A1E7A4F7556}") = "NewShore.DomainInfrastructure.UnitTests", "tests\NewShore.Domain.UnitTests\NewShore.DomainInfrastructure.UnitTests.csproj", "{616B2D31-F7E7-45F0-A538-958F01C2DFE8}"
EndProject
Project("{2150E333-8FDC-42A3-9474-1A3956D46DE8}") = "Tests", "Tests", "{6E16DD13-AE4A-4C53-95A5-91449C5B5EC7}"
EndProject
Project("{2150E333-8FDC-42A3-9474-1A3956D46DE8}") = "Doc", "Doc", "{967C8D6D-9126-472F-A2A1-E8B20330E609}"
	ProjectSection(SolutionItems) = preProject
		README.md = README.md
	EndProjectSection
EndProject
Project("{9A19103F-16F7-4668-BE54-9A1E7A4F7556}") = "NewShore.Api.Client", "src\Presentation\NewShore.Api.Client\NewShore.Api.Client.csproj", "{F022D6EC-2BF3-4C14-95A4-E4E9865EBC54}"
EndProject
Global
	GlobalSection(SolutionConfigurationPlatforms) = preSolution
		Debug|Any CPU = Debug|Any CPU
		Release|Any CPU = Release|Any CPU
	EndGlobalSection
	GlobalSection(ProjectConfigurationPlatforms) = postSolution
		{CB27BD00-D2D6-4E08-8D73-75F83BD12315}.Debug|Any CPU.ActiveCfg = Debug|Any CPU
		{CB27BD00-D2D6-4E08-8D73-75F83BD12315}.Debug|Any CPU.Build.0 = Debug|Any CPU
		{CB27BD00-D2D6-4E08-8D73-75F83BD12315}.Release|Any CPU.ActiveCfg = Release|Any CPU
		{CB27BD00-D2D6-4E08-8D73-75F83BD12315}.Release|Any CPU.Build.0 = Release|Any CPU
		{07AD8945-D6D5-4CAC-9DD6-449304C317AD}.Debug|Any CPU.ActiveCfg = Debug|Any CPU
		{07AD8945-D6D5-4CAC-9DD6-449304C317AD}.Debug|Any CPU.Build.0 = Debug|Any CPU
		{07AD8945-D6D5-4CAC-9DD6-449304C317AD}.Release|Any CPU.ActiveCfg = Release|Any CPU
		{07AD8945-D6D5-4CAC-9DD6-449304C317AD}.Release|Any CPU.Build.0 = Release|Any CPU
		{2BA295B3-A610-435B-BED7-7CA450D1AF4B}.Debug|Any CPU.ActiveCfg = Debug|Any CPU
		{2BA295B3-A610-435B-BED7-7CA450D1AF4B}.Debug|Any CPU.Build.0 = Debug|Any CPU
		{2BA295B3-A610-435B-BED7-7CA450D1AF4B}.Release|Any CPU.ActiveCfg = Release|Any CPU
		{2BA295B3-A610-435B-BED7-7CA450D1AF4B}.Release|Any CPU.Build.0 = Release|Any CPU
		{18D10861-881D-4BF9-A6AB-9223CD6AE393}.Debug|Any CPU.ActiveCfg = Debug|Any CPU
		{18D10861-881D-4BF9-A6AB-9223CD6AE393}.Debug|Any CPU.Build.0 = Debug|Any CPU
		{18D10861-881D-4BF9-A6AB-9223CD6AE393}.Release|Any CPU.ActiveCfg = Release|Any CPU
		{18D10861-881D-4BF9-A6AB-9223CD6AE393}.Release|Any CPU.Build.0 = Release|Any CPU
		{233CA919-FCAA-45BD-AD58-850C51943AB0}.Debug|Any CPU.ActiveCfg = Debug|Any CPU
		{233CA919-FCAA-45BD-AD58-850C51943AB0}.Debug|Any CPU.Build.0 = Debug|Any CPU
		{233CA919-FCAA-45BD-AD58-850C51943AB0}.Release|Any CPU.ActiveCfg = Release|Any CPU
		{233CA919-FCAA-45BD-AD58-850C51943AB0}.Release|Any CPU.Build.0 = Release|Any CPU
		{7537B21F-7B3B-45D1-9A44-9181E6A38190}.Debug|Any CPU.ActiveCfg = Debug|Any CPU
		{7537B21F-7B3B-45D1-9A44-9181E6A38190}.Debug|Any CPU.Build.0 = Debug|Any CPU
		{7537B21F-7B3B-45D1-9A44-9181E6A38190}.Release|Any CPU.ActiveCfg = Release|Any CPU
		{7537B21F-7B3B-45D1-9A44-9181E6A38190}.Release|Any CPU.Build.0 = Release|Any CPU
		{DE7B01BD-27B3-4897-8A84-E4708B556AEB}.Debug|Any CPU.ActiveCfg = Debug|Any CPU
		{DE7B01BD-27B3-4897-8A84-E4708B556AEB}.Debug|Any CPU.Build.0 = Debug|Any CPU
		{DE7B01BD-27B3-4897-8A84-E4708B556AEB}.Release|Any CPU.ActiveCfg = Release|Any CPU
		{DE7B01BD-27B3-4897-8A84-E4708B556AEB}.Release|Any CPU.Build.0 = Release|Any CPU
		{CC46877E-5D34-4A14-871F-B189D6AF8CD9}.Debug|Any CPU.ActiveCfg = Debug|Any CPU
		{CC46877E-5D34-4A14-871F-B189D6AF8CD9}.Debug|Any CPU.Build.0 = Debug|Any CPU
		{CC46877E-5D34-4A14-871F-B189D6AF8CD9}.Release|Any CPU.ActiveCfg = Release|Any CPU
		{CC46877E-5D34-4A14-871F-B189D6AF8CD9}.Release|Any CPU.Build.0 = Release|Any CPU
		{616B2D31-F7E7-45F0-A538-958F01C2DFE8}.Debug|Any CPU.ActiveCfg = Debug|Any CPU
		{616B2D31-F7E7-45F0-A538-958F01C2DFE8}.Debug|Any CPU.Build.0 = Debug|Any CPU
		{616B2D31-F7E7-45F0-A538-958F01C2DFE8}.Release|Any CPU.ActiveCfg = Release|Any CPU
		{616B2D31-F7E7-45F0-A538-958F01C2DFE8}.Release|Any CPU.Build.0 = Release|Any CPU
		{F022D6EC-2BF3-4C14-95A4-E4E9865EBC54}.Debug|Any CPU.ActiveCfg = Debug|Any CPU
		{F022D6EC-2BF3-4C14-95A4-E4E9865EBC54}.Debug|Any CPU.Build.0 = Debug|Any CPU
		{F022D6EC-2BF3-4C14-95A4-E4E9865EBC54}.Release|Any CPU.ActiveCfg = Release|Any CPU
		{F022D6EC-2BF3-4C14-95A4-E4E9865EBC54}.Release|Any CPU.Build.0 = Release|Any CPU
	EndGlobalSection
	GlobalSection(SolutionProperties) = preSolution
		HideSolutionNode = FALSE
	EndGlobalSection
	GlobalSection(NestedProjects) = preSolution
		{CB27BD00-D2D6-4E08-8D73-75F83BD12315} = {1C304772-2BFC-45FB-9384-D974CD96C571}
		{07AD8945-D6D5-4CAC-9DD6-449304C317AD} = {1C304772-2BFC-45FB-9384-D974CD96C571}
		{1C304772-2BFC-45FB-9384-D974CD96C571} = {F769229D-231A-4FFA-A790-AF7ACF72F9A8}
		{2BA295B3-A610-435B-BED7-7CA450D1AF4B} = {B5F43E3E-AFB3-4A15-B3A0-525909B7C8CD}
		{18D10861-881D-4BF9-A6AB-9223CD6AE393} = {B5F43E3E-AFB3-4A15-B3A0-525909B7C8CD}
		{B5F43E3E-AFB3-4A15-B3A0-525909B7C8CD} = {F769229D-231A-4FFA-A790-AF7ACF72F9A8}
		{233CA919-FCAA-45BD-AD58-850C51943AB0} = {480E56DC-BA28-469E-BBFC-28BFC591825E}
		{480E56DC-BA28-469E-BBFC-28BFC591825E} = {F769229D-231A-4FFA-A790-AF7ACF72F9A8}
		{7537B21F-7B3B-45D1-9A44-9181E6A38190} = {1FB02DC6-BF20-48B7-BFD5-960035DFF2A7}
		{1FB02DC6-BF20-48B7-BFD5-960035DFF2A7} = {F769229D-231A-4FFA-A790-AF7ACF72F9A8}
		{DE7B01BD-27B3-4897-8A84-E4708B556AEB} = {6E16DD13-AE4A-4C53-95A5-91449C5B5EC7}
		{CC46877E-5D34-4A14-871F-B189D6AF8CD9} = {6E16DD13-AE4A-4C53-95A5-91449C5B5EC7}
		{616B2D31-F7E7-45F0-A538-958F01C2DFE8} = {6E16DD13-AE4A-4C53-95A5-91449C5B5EC7}
		{F022D6EC-2BF3-4C14-95A4-E4E9865EBC54} = {1FB02DC6-BF20-48B7-BFD5-960035DFF2A7}
	EndGlobalSection
	GlobalSection(ExtensibilityGlobals) = postSolution
		SolutionGuid = {8E594C77-BFFD-4E63-B88B-E50583BB095E}
	EndGlobalSection
EndGlobal
