
Microsoft Visual Studio Solution File, Format Version 12.00
# Visual Studio Version 17
VisualStudioVersion = 17.7.34031.279
MinimumVisualStudioVersion = 10.0.40219.1
Project("{9A19103F-16F7-4668-BE54-9A1E7A4F7556}") = "NewShoreAIR.Api.Client", "NewShoreAIR.Api.Client.csproj", "{7C0E8B17-67C1-4A56-907D-81A90A893575}"
EndProject
Global
	GlobalSection(SolutionConfigurationPlatforms) = preSolution
		Debug|Any CPU = Debug|Any CPU
		Release|Any CPU = Release|Any CPU
	EndGlobalSection
	GlobalSection(ProjectConfigurationPlatforms) = postSolution
		{7C0E8B17-67C1-4A56-907D-81A90A893575}.Debug|Any CPU.ActiveCfg = Debug|Any CPU
		{7C0E8B17-67C1-4A56-907D-81A90A893575}.Debug|Any CPU.Build.0 = Debug|Any CPU
		{7C0E8B17-67C1-4A56-907D-81A90A893575}.Release|Any CPU.ActiveCfg = Release|Any CPU
		{7C0E8B17-67C1-4A56-907D-81A90A893575}.Release|Any CPU.Build.0 = Release|Any CPU
	EndGlobalSection
	GlobalSection(SolutionProperties) = preSolution
		HideSolutionNode = FALSE
	EndGlobalSection
	GlobalSection(ExtensibilityGlobals) = postSolution
		SolutionGuid = {D965B2FC-F2E1-40D7-A615-4F933FCA1E97}
	EndGlobalSection
EndGlobal
